
Microsoft Visual Studio Solution File, Format Version 12.00
# Visual Studio 2013
VisualStudioVersion = 12.0.40629.0
MinimumVisualStudioVersion = 10.0.40219.1
Project("{FAE04EC0-301F-11D3-BF4B-00C04F79EFBC}") = "Condor.Core", "Condor.Core\Condor.Core.csproj", "{A558CCCF-1056-43A4-93EF-28562121FF3C}"
EndProject
Project("{FAE04EC0-301F-11D3-BF4B-00C04F79EFBC}") = "Condor.Example", "Condor.Example\Condor.Example.csproj", "{0E44C2BA-2B11-41F4-9489-CE8D17AA5CAD}"
EndProject
Global
	GlobalSection(SolutionConfigurationPlatforms) = preSolution
		Debug|Any CPU = Debug|Any CPU
		Release|Any CPU = Release|Any CPU
	EndGlobalSection
	GlobalSection(ProjectConfigurationPlatforms) = postSolution
		{A558CCCF-1056-43A4-93EF-28562121FF3C}.Debug|Any CPU.ActiveCfg = Debug|Any CPU
		{A558CCCF-1056-43A4-93EF-28562121FF3C}.Debug|Any CPU.Build.0 = Debug|Any CPU
		{A558CCCF-1056-43A4-93EF-28562121FF3C}.Release|Any CPU.ActiveCfg = Release|Any CPU
		{A558CCCF-1056-43A4-93EF-28562121FF3C}.Release|Any CPU.Build.0 = Release|Any CPU
		{0E44C2BA-2B11-41F4-9489-CE8D17AA5CAD}.Debug|Any CPU.ActiveCfg = Debug|Any CPU
		{0E44C2BA-2B11-41F4-9489-CE8D17AA5CAD}.Debug|Any CPU.Build.0 = Debug|Any CPU
		{0E44C2BA-2B11-41F4-9489-CE8D17AA5CAD}.Release|Any CPU.ActiveCfg = Release|Any CPU
		{0E44C2BA-2B11-41F4-9489-CE8D17AA5CAD}.Release|Any CPU.Build.0 = Release|Any CPU
	EndGlobalSection
	GlobalSection(SolutionProperties) = preSolution
		HideSolutionNode = FALSE
	EndGlobalSection
EndGlobal
